// !$*UTF8*$!
{
	archiveVersion = 1;
	classes = {
	};
	objectVersion = 46;
	objects = {

/* Begin PBXBuildFile section */
		98E4F18BF9CE0DEE43DAADD1 /* libPods.a in Frameworks */ = {isa = PBXBuildFile; fileRef = C1EA7BC16B3528396F4AE0BF /* libPods.a */; };
		FE09CEA21B89F9470047CAF1 /* SWRevealViewController.m in Sources */ = {isa = PBXBuildFile; fileRef = FE09CEA11B89F9470047CAF1 /* SWRevealViewController.m */; };
		FE09CEA41B8A03A20047CAF1 /* HamburgerViewController.swift in Sources */ = {isa = PBXBuildFile; fileRef = FE09CEA31B8A03A20047CAF1 /* HamburgerViewController.swift */; };
		FE09CEA91B8B35E90047CAF1 /* QuartzCore.framework in Frameworks */ = {isa = PBXBuildFile; fileRef = FE09CEA81B8B35E90047CAF1 /* QuartzCore.framework */; };
		FE09CEAD1B8B36B40047CAF1 /* iCarousel.m in Sources */ = {isa = PBXBuildFile; fileRef = FE09CEAC1B8B36B40047CAF1 /* iCarousel.m */; };
		FE09CEB31B8B3B810047CAF1 /* ICarouselViewController.swift in Sources */ = {isa = PBXBuildFile; fileRef = FE09CEB21B8B3B810047CAF1 /* ICarouselViewController.swift */; };
		FE18C2B91B7F415000193148 /* RootViewController.swift in Sources */ = {isa = PBXBuildFile; fileRef = FE18C2B81B7F415000193148 /* RootViewController.swift */; };
		FE18C2BB1B7F44D700193148 /* InventoryViewController.swift in Sources */ = {isa = PBXBuildFile; fileRef = FE18C2BA1B7F44D700193148 /* InventoryViewController.swift */; };
		FE6474BD1B7BC1FD002BECA1 /* CustomSegue.swift in Sources */ = {isa = PBXBuildFile; fileRef = FE6474BC1B7BC1FD002BECA1 /* CustomSegue.swift */; };
		FE85A43D1B78F70A00D217DA /* AppDelegate.swift in Sources */ = {isa = PBXBuildFile; fileRef = FE85A43C1B78F70A00D217DA /* AppDelegate.swift */; };
		FE85A43F1B78F70A00D217DA /* MarketViewController.swift in Sources */ = {isa = PBXBuildFile; fileRef = FE85A43E1B78F70A00D217DA /* MarketViewController.swift */; };
		FE85A4421B78F70A00D217DA /* Main.storyboard in Resources */ = {isa = PBXBuildFile; fileRef = FE85A4401B78F70A00D217DA /* Main.storyboard */; };
		FE85A4441B78F70A00D217DA /* Images.xcassets in Resources */ = {isa = PBXBuildFile; fileRef = FE85A4431B78F70A00D217DA /* Images.xcassets */; };
		FE85A4471B78F70A00D217DA /* LaunchScreen.xib in Resources */ = {isa = PBXBuildFile; fileRef = FE85A4451B78F70A00D217DA /* LaunchScreen.xib */; };
		FE85A4531B78F70A00D217DA /* swapMeTests.swift in Sources */ = {isa = PBXBuildFile; fileRef = FE85A4521B78F70A00D217DA /* swapMeTests.swift */; };
/* End PBXBuildFile section */

/* Begin PBXContainerItemProxy section */
		FE85A44D1B78F70A00D217DA /* PBXContainerItemProxy */ = {
			isa = PBXContainerItemProxy;
			containerPortal = FE85A42F1B78F70A00D217DA /* Project object */;
			proxyType = 1;
			remoteGlobalIDString = FE85A4361B78F70A00D217DA;
			remoteInfo = swapMe;
		};
/* End PBXContainerItemProxy section */

/* Begin PBXFileReference section */
		7599E3D5CDAB3ED935BF4B5C /* Pods.debug.xcconfig */ = {isa = PBXFileReference; includeInIndex = 1; lastKnownFileType = text.xcconfig; name = Pods.debug.xcconfig; path = "Pods/Target Support Files/Pods/Pods.debug.xcconfig"; sourceTree = "<group>"; };
		8EB2F987564002E54F75717F /* Pods.release.xcconfig */ = {isa = PBXFileReference; includeInIndex = 1; lastKnownFileType = text.xcconfig; name = Pods.release.xcconfig; path = "Pods/Target Support Files/Pods/Pods.release.xcconfig"; sourceTree = "<group>"; };
		C1EA7BC16B3528396F4AE0BF /* libPods.a */ = {isa = PBXFileReference; explicitFileType = archive.ar; includeInIndex = 0; path = libPods.a; sourceTree = BUILT_PRODUCTS_DIR; };
		FE09CEA01B89F92D0047CAF1 /* SWRevealViewController.h */ = {isa = PBXFileReference; lastKnownFileType = sourcecode.c.h; name = SWRevealViewController.h; path = swapMe/SWRevealViewController.h; sourceTree = "<group>"; };
		FE09CEA11B89F9470047CAF1 /* SWRevealViewController.m */ = {isa = PBXFileReference; fileEncoding = 4; lastKnownFileType = sourcecode.c.objc; name = SWRevealViewController.m; path = swapMe/SWRevealViewController.m; sourceTree = "<group>"; };
		FE09CEA31B8A03A20047CAF1 /* HamburgerViewController.swift */ = {isa = PBXFileReference; fileEncoding = 4; lastKnownFileType = sourcecode.swift; path = HamburgerViewController.swift; sourceTree = "<group>"; };
		FE09CEA71B8B35AE0047CAF1 /* iCarousel.h */ = {isa = PBXFileReference; lastKnownFileType = sourcecode.c.h; path = iCarousel.h; sourceTree = "<group>"; };
		FE09CEA81B8B35E90047CAF1 /* QuartzCore.framework */ = {isa = PBXFileReference; lastKnownFileType = wrapper.framework; name = QuartzCore.framework; path = System/Library/Frameworks/QuartzCore.framework; sourceTree = SDKROOT; };
		FE09CEAC1B8B36B40047CAF1 /* iCarousel.m */ = {isa = PBXFileReference; fileEncoding = 4; lastKnownFileType = sourcecode.c.objc; path = iCarousel.m; sourceTree = "<group>"; };
		FE09CEB21B8B3B810047CAF1 /* ICarouselViewController.swift */ = {isa = PBXFileReference; fileEncoding = 4; lastKnownFileType = sourcecode.swift; path = ICarouselViewController.swift; sourceTree = "<group>"; };
		FE18C2B31B7F23FA00193148 /* Bridging-Header.h */ = {isa = PBXFileReference; fileEncoding = 4; lastKnownFileType = sourcecode.c.h; path = "Bridging-Header.h"; sourceTree = "<group>"; };
		FE18C2B81B7F415000193148 /* RootViewController.swift */ = {isa = PBXFileReference; fileEncoding = 4; lastKnownFileType = sourcecode.swift; path = RootViewController.swift; sourceTree = "<group>"; };
		FE18C2BA1B7F44D700193148 /* InventoryViewController.swift */ = {isa = PBXFileReference; fileEncoding = 4; lastKnownFileType = sourcecode.swift; path = InventoryViewController.swift; sourceTree = "<group>"; };
		FE6474BC1B7BC1FD002BECA1 /* CustomSegue.swift */ = {isa = PBXFileReference; fileEncoding = 4; lastKnownFileType = sourcecode.swift; path = CustomSegue.swift; sourceTree = "<group>"; };
		FE85A4371B78F70A00D217DA /* swapMe.app */ = {isa = PBXFileReference; explicitFileType = wrapper.application; includeInIndex = 0; path = swapMe.app; sourceTree = BUILT_PRODUCTS_DIR; };
		FE85A43B1B78F70A00D217DA /* Info.plist */ = {isa = PBXFileReference; lastKnownFileType = text.plist.xml; path = Info.plist; sourceTree = "<group>"; };
		FE85A43C1B78F70A00D217DA /* AppDelegate.swift */ = {isa = PBXFileReference; lastKnownFileType = sourcecode.swift; path = AppDelegate.swift; sourceTree = "<group>"; };
		FE85A43E1B78F70A00D217DA /* MarketViewController.swift */ = {isa = PBXFileReference; lastKnownFileType = sourcecode.swift; path = MarketViewController.swift; sourceTree = "<group>"; };
		FE85A4411B78F70A00D217DA /* Base */ = {isa = PBXFileReference; lastKnownFileType = file.storyboard; name = Base; path = Base.lproj/Main.storyboard; sourceTree = "<group>"; };
		FE85A4431B78F70A00D217DA /* Images.xcassets */ = {isa = PBXFileReference; lastKnownFileType = folder.assetcatalog; path = Images.xcassets; sourceTree = "<group>"; };
		FE85A4461B78F70A00D217DA /* Base */ = {isa = PBXFileReference; lastKnownFileType = file.xib; name = Base; path = Base.lproj/LaunchScreen.xib; sourceTree = "<group>"; };
		FE85A44C1B78F70A00D217DA /* swapMeTests.xctest */ = {isa = PBXFileReference; explicitFileType = wrapper.cfbundle; includeInIndex = 0; path = swapMeTests.xctest; sourceTree = BUILT_PRODUCTS_DIR; };
		FE85A4511B78F70A00D217DA /* Info.plist */ = {isa = PBXFileReference; lastKnownFileType = text.plist.xml; path = Info.plist; sourceTree = "<group>"; };
		FE85A4521B78F70A00D217DA /* swapMeTests.swift */ = {isa = PBXFileReference; lastKnownFileType = sourcecode.swift; path = swapMeTests.swift; sourceTree = "<group>"; };
/* End PBXFileReference section */

/* Begin PBXFrameworksBuildPhase section */
		FE85A4341B78F70A00D217DA /* Frameworks */ = {
			isa = PBXFrameworksBuildPhase;
			buildActionMask = 2147483647;
			files = (
				FE09CEA91B8B35E90047CAF1 /* QuartzCore.framework in Frameworks */,
				98E4F18BF9CE0DEE43DAADD1 /* libPods.a in Frameworks */,
			);
			runOnlyForDeploymentPostprocessing = 0;
		};
		FE85A4491B78F70A00D217DA /* Frameworks */ = {
			isa = PBXFrameworksBuildPhase;
			buildActionMask = 2147483647;
			files = (
			);
			runOnlyForDeploymentPostprocessing = 0;
		};
/* End PBXFrameworksBuildPhase section */

/* Begin PBXGroup section */
		33663B667847E400678A4332 /* Pods */ = {
			isa = PBXGroup;
			children = (
				7599E3D5CDAB3ED935BF4B5C /* Pods.debug.xcconfig */,
				8EB2F987564002E54F75717F /* Pods.release.xcconfig */,
			);
			name = Pods;
			sourceTree = "<group>";
		};
		6532766B86144294D5DDD427 /* Frameworks */ = {
			isa = PBXGroup;
			children = (
				FE09CEA81B8B35E90047CAF1 /* QuartzCore.framework */,
				C1EA7BC16B3528396F4AE0BF /* libPods.a */,
			);
			name = Frameworks;
			sourceTree = "<group>";
		};
		FE09CEA51B8B35540047CAF1 /* SWRevealViewController */ = {
			isa = PBXGroup;
			children = (
				FE09CEA11B89F9470047CAF1 /* SWRevealViewController.m */,
				FE09CEA01B89F92D0047CAF1 /* SWRevealViewController.h */,
			);
			name = SWRevealViewController;
			path = ..;
			sourceTree = "<group>";
		};
		FE09CEA61B8B35920047CAF1 /* iCarousel */ = {
			isa = PBXGroup;
			children = (
				FE09CEA71B8B35AE0047CAF1 /* iCarousel.h */,
				FE09CEAC1B8B36B40047CAF1 /* iCarousel.m */,
			);
			name = iCarousel;
			path = ..;
			sourceTree = "<group>";
		};
		FE85A42E1B78F70A00D217DA = {
			isa = PBXGroup;
			children = (
				FE85A4391B78F70A00D217DA /* swapMe */,
				FE85A44F1B78F70A00D217DA /* swapMeTests */,
				FE85A4381B78F70A00D217DA /* Products */,
				33663B667847E400678A4332 /* Pods */,
				6532766B86144294D5DDD427 /* Frameworks */,
			);
			sourceTree = "<group>";
		};
		FE85A4381B78F70A00D217DA /* Products */ = {
			isa = PBXGroup;
			children = (
				FE85A4371B78F70A00D217DA /* swapMe.app */,
				FE85A44C1B78F70A00D217DA /* swapMeTests.xctest */,
			);
			name = Products;
			sourceTree = "<group>";
		};
		FE85A4391B78F70A00D217DA /* swapMe */ = {
			isa = PBXGroup;
			children = (
				FE09CEA61B8B35920047CAF1 /* iCarousel */,
				FE09CEA51B8B35540047CAF1 /* SWRevealViewController */,
				FE18C2B31B7F23FA00193148 /* Bridging-Header.h */,
				FE85A43C1B78F70A00D217DA /* AppDelegate.swift */,
				FE85A43E1B78F70A00D217DA /* MarketViewController.swift */,
				FE09CEB21B8B3B810047CAF1 /* ICarouselViewController.swift */,
				FE18C2BA1B7F44D700193148 /* InventoryViewController.swift */,
				FE18C2B81B7F415000193148 /* RootViewController.swift */,
				FE85A4401B78F70A00D217DA /* Main.storyboard */,
				FE09CEA31B8A03A20047CAF1 /* HamburgerViewController.swift */,
				FE6474BC1B7BC1FD002BECA1 /* CustomSegue.swift */,
				FE85A4431B78F70A00D217DA /* Images.xcassets */,
				FE85A4451B78F70A00D217DA /* LaunchScreen.xib */,
				FE85A43A1B78F70A00D217DA /* Supporting Files */,
			);
			path = swapMe;
			sourceTree = "<group>";
		};
		FE85A43A1B78F70A00D217DA /* Supporting Files */ = {
			isa = PBXGroup;
			children = (
				FE85A43B1B78F70A00D217DA /* Info.plist */,
			);
			name = "Supporting Files";
			sourceTree = "<group>";
		};
		FE85A44F1B78F70A00D217DA /* swapMeTests */ = {
			isa = PBXGroup;
			children = (
				FE85A4521B78F70A00D217DA /* swapMeTests.swift */,
				FE85A4501B78F70A00D217DA /* Supporting Files */,
			);
			path = swapMeTests;
			sourceTree = "<group>";
		};
		FE85A4501B78F70A00D217DA /* Supporting Files */ = {
			isa = PBXGroup;
			children = (
				FE85A4511B78F70A00D217DA /* Info.plist */,
			);
			name = "Supporting Files";
			sourceTree = "<group>";
		};
/* End PBXGroup section */

/* Begin PBXNativeTarget section */
		FE85A4361B78F70A00D217DA /* swapMe */ = {
			isa = PBXNativeTarget;
			buildConfigurationList = FE85A4561B78F70A00D217DA /* Build configuration list for PBXNativeTarget "swapMe" */;
			buildPhases = (
				2CC8A17154A2700800FC8DFB /* Check Pods Manifest.lock */,
				FE85A4331B78F70A00D217DA /* Sources */,
				FE85A4341B78F70A00D217DA /* Frameworks */,
				FE85A4351B78F70A00D217DA /* Resources */,
				59848BE2EFA3A60B97901FBE /* Copy Pods Resources */,
			);
			buildRules = (
			);
			dependencies = (
			);
			name = swapMe;
			productName = swapMe;
			productReference = FE85A4371B78F70A00D217DA /* swapMe.app */;
			productType = "com.apple.product-type.application";
		};
		FE85A44B1B78F70A00D217DA /* swapMeTests */ = {
			isa = PBXNativeTarget;
			buildConfigurationList = FE85A4591B78F70A00D217DA /* Build configuration list for PBXNativeTarget "swapMeTests" */;
			buildPhases = (
				FE85A4481B78F70A00D217DA /* Sources */,
				FE85A4491B78F70A00D217DA /* Frameworks */,
				FE85A44A1B78F70A00D217DA /* Resources */,
			);
			buildRules = (
			);
			dependencies = (
				FE85A44E1B78F70A00D217DA /* PBXTargetDependency */,
			);
			name = swapMeTests;
			productName = swapMeTests;
			productReference = FE85A44C1B78F70A00D217DA /* swapMeTests.xctest */;
			productType = "com.apple.product-type.bundle.unit-test";
		};
/* End PBXNativeTarget section */

/* Begin PBXProject section */
		FE85A42F1B78F70A00D217DA /* Project object */ = {
			isa = PBXProject;
			attributes = {
				LastUpgradeCheck = 0640;
				ORGANIZATIONNAME = saifjilani;
				TargetAttributes = {
					FE85A4361B78F70A00D217DA = {
						CreatedOnToolsVersion = 6.4;
					};
					FE85A44B1B78F70A00D217DA = {
						CreatedOnToolsVersion = 6.4;
						TestTargetID = FE85A4361B78F70A00D217DA;
					};
				};
			};
			buildConfigurationList = FE85A4321B78F70A00D217DA /* Build configuration list for PBXProject "swapMe" */;
			compatibilityVersion = "Xcode 3.2";
			developmentRegion = English;
			hasScannedForEncodings = 0;
			knownRegions = (
				en,
				Base,
			);
			mainGroup = FE85A42E1B78F70A00D217DA;
			productRefGroup = FE85A4381B78F70A00D217DA /* Products */;
			projectDirPath = "";
			projectRoot = "";
			targets = (
				FE85A4361B78F70A00D217DA /* swapMe */,
				FE85A44B1B78F70A00D217DA /* swapMeTests */,
			);
		};
/* End PBXProject section */

/* Begin PBXResourcesBuildPhase section */
		FE85A4351B78F70A00D217DA /* Resources */ = {
			isa = PBXResourcesBuildPhase;
			buildActionMask = 2147483647;
			files = (
				FE85A4421B78F70A00D217DA /* Main.storyboard in Resources */,
				FE85A4471B78F70A00D217DA /* LaunchScreen.xib in Resources */,
				FE85A4441B78F70A00D217DA /* Images.xcassets in Resources */,
			);
			runOnlyForDeploymentPostprocessing = 0;
		};
		FE85A44A1B78F70A00D217DA /* Resources */ = {
			isa = PBXResourcesBuildPhase;
			buildActionMask = 2147483647;
			files = (
			);
			runOnlyForDeploymentPostprocessing = 0;
		};
/* End PBXResourcesBuildPhase section */

/* Begin PBXShellScriptBuildPhase section */
		2CC8A17154A2700800FC8DFB /* Check Pods Manifest.lock */ = {
			isa = PBXShellScriptBuildPhase;
			buildActionMask = 2147483647;
			files = (
			);
			inputPaths = (
			);
			name = "Check Pods Manifest.lock";
			outputPaths = (
			);
			runOnlyForDeploymentPostprocessing = 0;
			shellPath = /bin/sh;
			shellScript = "diff \"${PODS_ROOT}/../Podfile.lock\" \"${PODS_ROOT}/Manifest.lock\" > /dev/null\nif [[ $? != 0 ]] ; then\n    cat << EOM\nerror: The sandbox is not in sync with the Podfile.lock. Run 'pod install' or update your CocoaPods installation.\nEOM\n    exit 1\nfi\n";
			showEnvVarsInLog = 0;
		};
		59848BE2EFA3A60B97901FBE /* Copy Pods Resources */ = {
			isa = PBXShellScriptBuildPhase;
			buildActionMask = 2147483647;
			files = (
			);
			inputPaths = (
			);
			name = "Copy Pods Resources";
			outputPaths = (
			);
			runOnlyForDeploymentPostprocessing = 0;
			shellPath = /bin/sh;
			shellScript = "\"${SRCROOT}/Pods/Target Support Files/Pods/Pods-resources.sh\"\n";
			showEnvVarsInLog = 0;
		};
/* End PBXShellScriptBuildPhase section */

/* Begin PBXSourcesBuildPhase section */
		FE85A4331B78F70A00D217DA /* Sources */ = {
			isa = PBXSourcesBuildPhase;
			buildActionMask = 2147483647;
			files = (
				FE18C2B91B7F415000193148 /* RootViewController.swift in Sources */,
				FE85A43F1B78F70A00D217DA /* MarketViewController.swift in Sources */,
				FE09CEB31B8B3B810047CAF1 /* ICarouselViewController.swift in Sources */,
				FE18C2BB1B7F44D700193148 /* InventoryViewController.swift in Sources */,
				FE6474BD1B7BC1FD002BECA1 /* CustomSegue.swift in Sources */,
				FE85A43D1B78F70A00D217DA /* AppDelegate.swift in Sources */,
				FE09CEAD1B8B36B40047CAF1 /* iCarousel.m in Sources */,
				FE09CEA21B89F9470047CAF1 /* SWRevealViewController.m in Sources */,
				FE09CEA41B8A03A20047CAF1 /* HamburgerViewController.swift in Sources */,
			);
			runOnlyForDeploymentPostprocessing = 0;
		};
		FE85A4481B78F70A00D217DA /* Sources */ = {
			isa = PBXSourcesBuildPhase;
			buildActionMask = 2147483647;
			files = (
				FE85A4531B78F70A00D217DA /* swapMeTests.swift in Sources */,
			);
			runOnlyForDeploymentPostprocessing = 0;
		};
/* End PBXSourcesBuildPhase section */

/* Begin PBXTargetDependency section */
		FE85A44E1B78F70A00D217DA /* PBXTargetDependency */ = {
			isa = PBXTargetDependency;
			target = FE85A4361B78F70A00D217DA /* swapMe */;
			targetProxy = FE85A44D1B78F70A00D217DA /* PBXContainerItemProxy */;
		};
/* End PBXTargetDependency section */

/* Begin PBXVariantGroup section */
		FE85A4401B78F70A00D217DA /* Main.storyboard */ = {
			isa = PBXVariantGroup;
			children = (
				FE85A4411B78F70A00D217DA /* Base */,
			);
			name = Main.storyboard;
			sourceTree = "<group>";
		};
		FE85A4451B78F70A00D217DA /* LaunchScreen.xib */ = {
			isa = PBXVariantGroup;
			children = (
				FE85A4461B78F70A00D217DA /* Base */,
			);
			name = LaunchScreen.xib;
			sourceTree = "<group>";
		};
/* End PBXVariantGroup section */

/* Begin XCBuildConfiguration section */
		FE85A4541B78F70A00D217DA /* Debug */ = {
			isa = XCBuildConfiguration;
			buildSettings = {
				ALWAYS_SEARCH_USER_PATHS = NO;
				CLANG_CXX_LANGUAGE_STANDARD = "gnu++0x";
				CLANG_CXX_LIBRARY = "libc++";
				CLANG_ENABLE_MODULES = YES;
				CLANG_ENABLE_OBJC_ARC = YES;
				CLANG_WARN_BOOL_CONVERSION = YES;
				CLANG_WARN_CONSTANT_CONVERSION = YES;
				CLANG_WARN_DIRECT_OBJC_ISA_USAGE = YES_ERROR;
				CLANG_WARN_EMPTY_BODY = YES;
				CLANG_WARN_ENUM_CONVERSION = YES;
				CLANG_WARN_INT_CONVERSION = YES;
				CLANG_WARN_OBJC_ROOT_CLASS = YES_ERROR;
				CLANG_WARN_UNREACHABLE_CODE = YES;
				CLANG_WARN__DUPLICATE_METHOD_MATCH = YES;
				"CODE_SIGN_IDENTITY[sdk=iphoneos*]" = "iPhone Developer";
				COPY_PHASE_STRIP = NO;
				DEBUG_INFORMATION_FORMAT = "dwarf-with-dsym";
				ENABLE_STRICT_OBJC_MSGSEND = YES;
				GCC_C_LANGUAGE_STANDARD = gnu99;
				GCC_DYNAMIC_NO_PIC = NO;
				GCC_NO_COMMON_BLOCKS = YES;
				GCC_OPTIMIZATION_LEVEL = 0;
				GCC_PREPROCESSOR_DEFINITIONS = (
					"DEBUG=1",
					"$(inherited)",
				);
				GCC_SYMBOLS_PRIVATE_EXTERN = NO;
				GCC_WARN_64_TO_32_BIT_CONVERSION = YES;
				GCC_WARN_ABOUT_RETURN_TYPE = YES_ERROR;
				GCC_WARN_UNDECLARED_SELECTOR = YES;
				GCC_WARN_UNINITIALIZED_AUTOS = YES_AGGRESSIVE;
				GCC_WARN_UNUSED_FUNCTION = YES;
				GCC_WARN_UNUSED_VARIABLE = YES;
				IPHONEOS_DEPLOYMENT_TARGET = 8.4;
				MTL_ENABLE_DEBUG_INFO = YES;
				ONLY_ACTIVE_ARCH = YES;
				SDKROOT = iphoneos;
				SWIFT_OPTIMIZATION_LEVEL = "-Onone";
			};
			name = Debug;
		};
		FE85A4551B78F70A00D217DA /* Release */ = {
			isa = XCBuildConfiguration;
			buildSettings = {
				ALWAYS_SEARCH_USER_PATHS = NO;
				CLANG_CXX_LANGUAGE_STANDARD = "gnu++0x";
				CLANG_CXX_LIBRARY = "libc++";
				CLANG_ENABLE_MODULES = YES;
				CLANG_ENABLE_OBJC_ARC = YES;
				CLANG_WARN_BOOL_CONVERSION = YES;
				CLANG_WARN_CONSTANT_CONVERSION = YES;
				CLANG_WARN_DIRECT_OBJC_ISA_USAGE = YES_ERROR;
				CLANG_WARN_EMPTY_BODY = YES;
				CLANG_WARN_ENUM_CONVERSION = YES;
				CLANG_WARN_INT_CONVERSION = YES;
				CLANG_WARN_OBJC_ROOT_CLASS = YES_ERROR;
				CLANG_WARN_UNREACHABLE_CODE = YES;
				CLANG_WARN__DUPLICATE_METHOD_MATCH = YES;
				"CODE_SIGN_IDENTITY[sdk=iphoneos*]" = "iPhone Developer";
				COPY_PHASE_STRIP = NO;
				DEBUG_INFORMATION_FORMAT = "dwarf-with-dsym";
				ENABLE_NS_ASSERTIONS = NO;
				ENABLE_STRICT_OBJC_MSGSEND = YES;
				GCC_C_LANGUAGE_STANDARD = gnu99;
				GCC_NO_COMMON_BLOCKS = YES;
				GCC_WARN_64_TO_32_BIT_CONVERSION = YES;
				GCC_WARN_ABOUT_RETURN_TYPE = YES_ERROR;
				GCC_WARN_UNDECLARED_SELECTOR = YES;
				GCC_WARN_UNINITIALIZED_AUTOS = YES_AGGRESSIVE;
				GCC_WARN_UNUSED_FUNCTION = YES;
				GCC_WARN_UNUSED_VARIABLE = YES;
				IPHONEOS_DEPLOYMENT_TARGET = 8.4;
				MTL_ENABLE_DEBUG_INFO = NO;
				SDKROOT = iphoneos;
				VALIDATE_PRODUCT = YES;
			};
			name = Release;
		};
		FE85A4571B78F70A00D217DA /* Debug */ = {
			isa = XCBuildConfiguration;
			baseConfigurationReference = 7599E3D5CDAB3ED935BF4B5C /* Pods.debug.xcconfig */;
			buildSettings = {
				ASSETCATALOG_COMPILER_APPICON_NAME = AppIcon;
				INFOPLIST_FILE = swapMe/Info.plist;
				LD_RUNPATH_SEARCH_PATHS = "$(inherited) @executable_path/Frameworks";
				PRODUCT_NAME = "$(TARGET_NAME)";
				SWIFT_OBJC_BRIDGING_HEADER = "/Users/saifjilani/Desktop/Work/Computer Science/iOS/swapMe/swapMe/Bridging-Header.h";
			};
			name = Debug;
		};
		FE85A4581B78F70A00D217DA /* Release */ = {
			isa = XCBuildConfiguration;
			baseConfigurationReference = 8EB2F987564002E54F75717F /* Pods.release.xcconfig */;
			buildSettings = {
				ASSETCATALOG_COMPILER_APPICON_NAME = AppIcon;
				INFOPLIST_FILE = swapMe/Info.plist;
				LD_RUNPATH_SEARCH_PATHS = "$(inherited) @executable_path/Frameworks";
				PRODUCT_NAME = "$(TARGET_NAME)";
				SWIFT_OBJC_BRIDGING_HEADER = "/Users/saifjilani/Desktop/Work/Computer Science/iOS/swapMe/swapMe/Bridging-Header.h";
			};
			name = Release;
		};
		FE85A45A1B78F70A00D217DA /* Debug */ = {
			isa = XCBuildConfiguration;
			buildSettings = {
				BUNDLE_LOADER = "$(TEST_HOST)";
				FRAMEWORK_SEARCH_PATHS = (
					"$(SDKROOT)/Developer/Library/Frameworks",
					"$(inherited)",
				);
				GCC_PREPROCESSOR_DEFINITIONS = (
					"DEBUG=1",
					"$(inherited)",
				);
				INFOPLIST_FILE = swapMeTests/Info.plist;
				LD_RUNPATH_SEARCH_PATHS = "$(inherited) @executable_path/Frameworks @loader_path/Frameworks";
				PRODUCT_NAME = "$(TARGET_NAME)";
				TEST_HOST = "$(BUILT_PRODUCTS_DIR)/swapMe.app/swapMe";
			};
			name = Debug;
		};
		FE85A45B1B78F70A00D217DA /* Release */ = {
			isa = XCBuildConfiguration;
			buildSettings = {
				BUNDLE_LOADER = "$(TEST_HOST)";
				FRAMEWORK_SEARCH_PATHS = (
					"$(SDKROOT)/Developer/Library/Frameworks",
					"$(inherited)",
				);
				INFOPLIST_FILE = swapMeTests/Info.plist;
				LD_RUNPATH_SEARCH_PATHS = "$(inherited) @executable_path/Frameworks @loader_path/Frameworks";
				PRODUCT_NAME = "$(TARGET_NAME)";
				TEST_HOST = "$(BUILT_PRODUCTS_DIR)/swapMe.app/swapMe";
			};
			name = Release;
		};
/* End XCBuildConfiguration section */

/* Begin XCConfigurationList section */
		FE85A4321B78F70A00D217DA /* Build configuration list for PBXProject "swapMe" */ = {
			isa = XCConfigurationList;
			buildConfigurations = (
				FE85A4541B78F70A00D217DA /* Debug */,
				FE85A4551B78F70A00D217DA /* Release */,
			);
			defaultConfigurationIsVisible = 0;
			defaultConfigurationName = Release;
		};
		FE85A4561B78F70A00D217DA /* Build configuration list for PBXNativeTarget "swapMe" */ = {
			isa = XCConfigurationList;
			buildConfigurations = (
				FE85A4571B78F70A00D217DA /* Debug */,
				FE85A4581B78F70A00D217DA /* Release */,
			);
			defaultConfigurationIsVisible = 0;
			defaultConfigurationName = Release;
		};
		FE85A4591B78F70A00D217DA /* Build configuration list for PBXNativeTarget "swapMeTests" */ = {
			isa = XCConfigurationList;
			buildConfigurations = (
				FE85A45A1B78F70A00D217DA /* Debug */,
				FE85A45B1B78F70A00D217DA /* Release */,
			);
			defaultConfigurationIsVisible = 0;
			defaultConfigurationName = Release;
		};
/* End XCConfigurationList section */
	};
	rootObject = FE85A42F1B78F70A00D217DA /* Project object */;
}
